
Microsoft Visual Studio Solution File, Format Version 12.00
# Visual Studio Version 16
VisualStudioVersion = 16.0.29519.87
MinimumVisualStudioVersion = 10.0.40219.1
Project("{9A19103F-16F7-4668-BE54-9A1E7A4F7556}") = "Services_T3_Ejemplo_Servidor", "Services_T3_Ejemplo\Services_T3_Ejemplo_Servidor.csproj", "{0C43F0EE-6480-46FD-955A-26A1FDBB056C}"
EndProject
Project("{9A19103F-16F7-4668-BE54-9A1E7A4F7556}") = "Services_T3_Ejemplo_Cliente", "Services_T3_Ejemplo_Cliente\Services_T3_Ejemplo_Cliente.csproj", "{E49EFAF5-F9D4-4865-83FE-42EED92DE50E}"
EndProject
Project("{9A19103F-16F7-4668-BE54-9A1E7A4F7556}") = "Services_T3_Ej1_Server", "Services_T3_Ej1_Server\Services_T3_Ej1_Server.csproj", "{075386FD-6EC7-4FCC-8FA6-3F2E666C5BA9}"
EndProject
Project("{FAE04EC0-301F-11D3-BF4B-00C04F79EFBC}") = "Services_T3_Ej1_Cliente", "Services_Ej1_Cliente\Services_T3_Ej1_Cliente.csproj", "{D15D82EC-A250-4E32-AD10-7FF0E346A9E3}"
EndProject
Project("{9A19103F-16F7-4668-BE54-9A1E7A4F7556}") = "Services_T3_Ej2_Server", "Services_T3_Ej2_Server\Services_T3_Ej2_Server.csproj", "{24A44D51-9543-487A-A387-252102D0582D}"
EndProject
Global
	GlobalSection(SolutionConfigurationPlatforms) = preSolution
		Debug|Any CPU = Debug|Any CPU
		Release|Any CPU = Release|Any CPU
	EndGlobalSection
	GlobalSection(ProjectConfigurationPlatforms) = postSolution
		{0C43F0EE-6480-46FD-955A-26A1FDBB056C}.Debug|Any CPU.ActiveCfg = Debug|Any CPU
		{0C43F0EE-6480-46FD-955A-26A1FDBB056C}.Debug|Any CPU.Build.0 = Debug|Any CPU
		{0C43F0EE-6480-46FD-955A-26A1FDBB056C}.Release|Any CPU.ActiveCfg = Release|Any CPU
		{0C43F0EE-6480-46FD-955A-26A1FDBB056C}.Release|Any CPU.Build.0 = Release|Any CPU
		{E49EFAF5-F9D4-4865-83FE-42EED92DE50E}.Debug|Any CPU.ActiveCfg = Debug|Any CPU
		{E49EFAF5-F9D4-4865-83FE-42EED92DE50E}.Debug|Any CPU.Build.0 = Debug|Any CPU
		{E49EFAF5-F9D4-4865-83FE-42EED92DE50E}.Release|Any CPU.ActiveCfg = Release|Any CPU
		{E49EFAF5-F9D4-4865-83FE-42EED92DE50E}.Release|Any CPU.Build.0 = Release|Any CPU
		{075386FD-6EC7-4FCC-8FA6-3F2E666C5BA9}.Debug|Any CPU.ActiveCfg = Debug|Any CPU
		{075386FD-6EC7-4FCC-8FA6-3F2E666C5BA9}.Debug|Any CPU.Build.0 = Debug|Any CPU
		{075386FD-6EC7-4FCC-8FA6-3F2E666C5BA9}.Release|Any CPU.ActiveCfg = Release|Any CPU
		{075386FD-6EC7-4FCC-8FA6-3F2E666C5BA9}.Release|Any CPU.Build.0 = Release|Any CPU
		{D15D82EC-A250-4E32-AD10-7FF0E346A9E3}.Debug|Any CPU.ActiveCfg = Debug|Any CPU
		{D15D82EC-A250-4E32-AD10-7FF0E346A9E3}.Debug|Any CPU.Build.0 = Debug|Any CPU
		{D15D82EC-A250-4E32-AD10-7FF0E346A9E3}.Release|Any CPU.ActiveCfg = Release|Any CPU
		{D15D82EC-A250-4E32-AD10-7FF0E346A9E3}.Release|Any CPU.Build.0 = Release|Any CPU
		{24A44D51-9543-487A-A387-252102D0582D}.Debug|Any CPU.ActiveCfg = Debug|Any CPU
		{24A44D51-9543-487A-A387-252102D0582D}.Debug|Any CPU.Build.0 = Debug|Any CPU
		{24A44D51-9543-487A-A387-252102D0582D}.Release|Any CPU.ActiveCfg = Release|Any CPU
		{24A44D51-9543-487A-A387-252102D0582D}.Release|Any CPU.Build.0 = Release|Any CPU
	EndGlobalSection
	GlobalSection(SolutionProperties) = preSolution
		HideSolutionNode = FALSE
	EndGlobalSection
	GlobalSection(ExtensibilityGlobals) = postSolution
		SolutionGuid = {31B14ABC-678A-42DB-A211-14ECB9F42DA1}
	EndGlobalSection
EndGlobal
